
Microsoft Visual Studio Solution File, Format Version 12.00
# Visual Studio Version 16
VisualStudioVersion = 16.0.31112.23
MinimumVisualStudioVersion = 10.0.40219.1
Project("{FAE04EC0-301F-11D3-BF4B-00C04F79EFBC}") = "OptimaOs", "OptimaOs\OptimaOs.csproj", "{A5789725-F872-42F2-BDE5-DD2CDD5662C4}"
EndProject
Global
	GlobalSection(SolutionConfigurationPlatforms) = preSolution
		Debug|Any CPU = Debug|Any CPU
		Release|Any CPU = Release|Any CPU
	EndGlobalSection
	GlobalSection(ProjectConfigurationPlatforms) = postSolution
		{A5789725-F872-42F2-BDE5-DD2CDD5662C4}.Debug|Any CPU.ActiveCfg = Debug|Any CPU
		{A5789725-F872-42F2-BDE5-DD2CDD5662C4}.Debug|Any CPU.Build.0 = Debug|Any CPU
		{A5789725-F872-42F2-BDE5-DD2CDD5662C4}.Release|Any CPU.ActiveCfg = Release|Any CPU
		{A5789725-F872-42F2-BDE5-DD2CDD5662C4}.Release|Any CPU.Build.0 = Release|Any CPU
	EndGlobalSection
	GlobalSection(SolutionProperties) = preSolution
		HideSolutionNode = FALSE
	EndGlobalSection
	GlobalSection(ExtensibilityGlobals) = postSolution
		SolutionGuid = {6D3645A0-6A7F-4E42-AA67-14981826F389}
	EndGlobalSection
EndGlobal
