
Microsoft Visual Studio Solution File, Format Version 12.00
# Visual Studio Version 16
VisualStudioVersion = 16.0.31129.286
MinimumVisualStudioVersion = 10.0.40219.1
Project("{FAE04EC0-301F-11D3-BF4B-00C04F79EFBC}") = "OptimaOsLong", "OptimaOsLong\OptimaOsLong.csproj", "{3174A72D-ECC8-449D-AB7D-2155CABBBEFD}"
EndProject
Global
	GlobalSection(SolutionConfigurationPlatforms) = preSolution
		Debug|Any CPU = Debug|Any CPU
		Release|Any CPU = Release|Any CPU
	EndGlobalSection
	GlobalSection(ProjectConfigurationPlatforms) = postSolution
		{3174A72D-ECC8-449D-AB7D-2155CABBBEFD}.Debug|Any CPU.ActiveCfg = Debug|Any CPU
		{3174A72D-ECC8-449D-AB7D-2155CABBBEFD}.Debug|Any CPU.Build.0 = Debug|Any CPU
		{3174A72D-ECC8-449D-AB7D-2155CABBBEFD}.Release|Any CPU.ActiveCfg = Release|Any CPU
		{3174A72D-ECC8-449D-AB7D-2155CABBBEFD}.Release|Any CPU.Build.0 = Release|Any CPU
	EndGlobalSection
	GlobalSection(SolutionProperties) = preSolution
		HideSolutionNode = FALSE
	EndGlobalSection
	GlobalSection(ExtensibilityGlobals) = postSolution
		SolutionGuid = {D129DE26-E033-457B-9B26-A493A381A17F}
	EndGlobalSection
EndGlobal
